
Microsoft Visual Studio Solution File, Format Version 12.00
# Visual Studio Version 17
VisualStudioVersion = 17.8.34330.188
MinimumVisualStudioVersion = 10.0.40219.1
Project("{FAE04EC0-301F-11D3-BF4B-00C04F79EFBC}") = "downloader", "downloader\downloader.csproj", "{DB9E16EA-2359-4EBC-A9E3-43E303AA4B80}"
EndProject
Project("{2150E333-8FDC-42A3-9474-1A3956D46DE8}") = "Элементы решения", "Элементы решения", "{A9B5A6E6-668D-4526-A106-7965982C4B81}"
EndProject
Global
	GlobalSection(SolutionConfigurationPlatforms) = preSolution
		Debug|Any CPU = Debug|Any CPU
		Release|Any CPU = Release|Any CPU
	EndGlobalSection
	GlobalSection(ProjectConfigurationPlatforms) = postSolution
		{DB9E16EA-2359-4EBC-A9E3-43E303AA4B80}.Debug|Any CPU.ActiveCfg = Debug|Any CPU
		{DB9E16EA-2359-4EBC-A9E3-43E303AA4B80}.Debug|Any CPU.Build.0 = Debug|Any CPU
		{DB9E16EA-2359-4EBC-A9E3-43E303AA4B80}.Release|Any CPU.ActiveCfg = Release|Any CPU
		{DB9E16EA-2359-4EBC-A9E3-43E303AA4B80}.Release|Any CPU.Build.0 = Release|Any CPU
	EndGlobalSection
	GlobalSection(SolutionProperties) = preSolution
		HideSolutionNode = FALSE
	EndGlobalSection
	GlobalSection(ExtensibilityGlobals) = postSolution
		SolutionGuid = {83AADDE5-D7A8-4ABB-B0B2-1596C98F9646}
	EndGlobalSection
EndGlobal
